
Microsoft Visual Studio Solution File, Format Version 12.00
# Visual Studio Version 17
VisualStudioVersion = 17.1.32407.343
MinimumVisualStudioVersion = 10.0.40219.1
Project("{9A19103F-16F7-4668-BE54-9A1E7A4F7556}") = "ParkyAPI", "ParkyAPI\ParkyAPI.csproj", "{6CACE754-4115-498D-90CA-A9BDC3688DFF}"
EndProject
Project("{FAE04EC0-301F-11D3-BF4B-00C04F79EFBC}") = "Parky.Web", "Parky.Web\Parky.Web.csproj", "{84414C2D-DCC3-4AEA-B027-A46D5E588144}"
EndProject
Global
	GlobalSection(SolutionConfigurationPlatforms) = preSolution
		Debug|Any CPU = Debug|Any CPU
		Release|Any CPU = Release|Any CPU
	EndGlobalSection
	GlobalSection(ProjectConfigurationPlatforms) = postSolution
		{6CACE754-4115-498D-90CA-A9BDC3688DFF}.Debug|Any CPU.ActiveCfg = Debug|Any CPU
		{6CACE754-4115-498D-90CA-A9BDC3688DFF}.Debug|Any CPU.Build.0 = Debug|Any CPU
		{6CACE754-4115-498D-90CA-A9BDC3688DFF}.Release|Any CPU.ActiveCfg = Release|Any CPU
		{6CACE754-4115-498D-90CA-A9BDC3688DFF}.Release|Any CPU.Build.0 = Release|Any CPU
		{84414C2D-DCC3-4AEA-B027-A46D5E588144}.Debug|Any CPU.ActiveCfg = Debug|Any CPU
		{84414C2D-DCC3-4AEA-B027-A46D5E588144}.Debug|Any CPU.Build.0 = Debug|Any CPU
		{84414C2D-DCC3-4AEA-B027-A46D5E588144}.Release|Any CPU.ActiveCfg = Release|Any CPU
		{84414C2D-DCC3-4AEA-B027-A46D5E588144}.Release|Any CPU.Build.0 = Release|Any CPU
	EndGlobalSection
	GlobalSection(SolutionProperties) = preSolution
		HideSolutionNode = FALSE
	EndGlobalSection
	GlobalSection(ExtensibilityGlobals) = postSolution
		SolutionGuid = {DB0692E1-A0CD-4F17-9963-F54283B5690B}
	EndGlobalSection
EndGlobal
